
Microsoft Visual Studio Solution File, Format Version 12.00
# Visual Studio 15
VisualStudioVersion = 15.0.28307.1231
MinimumVisualStudioVersion = 10.0.40219.1
Project("{8BC9CEB8-8B4A-11D0-8D11-00A0C91BC942}") = "Project_Client", "Project_Client.vcxproj", "{5351B2E9-F082-438B-A9B8-8E740D7F1CBC}"
EndProject
Global
	GlobalSection(SolutionConfigurationPlatforms) = preSolution
		Debug|x64 = Debug|x64
		Debug|x86 = Debug|x86
		Release|x64 = Release|x64
		Release|x86 = Release|x86
	EndGlobalSection
	GlobalSection(ProjectConfigurationPlatforms) = postSolution
		{5351B2E9-F082-438B-A9B8-8E740D7F1CBC}.Debug|x64.ActiveCfg = Debug|x64
		{5351B2E9-F082-438B-A9B8-8E740D7F1CBC}.Debug|x64.Build.0 = Debug|x64
		{5351B2E9-F082-438B-A9B8-8E740D7F1CBC}.Debug|x86.ActiveCfg = Debug|Win32
		{5351B2E9-F082-438B-A9B8-8E740D7F1CBC}.Debug|x86.Build.0 = Debug|Win32
		{5351B2E9-F082-438B-A9B8-8E740D7F1CBC}.Release|x64.ActiveCfg = Release|x64
		{5351B2E9-F082-438B-A9B8-8E740D7F1CBC}.Release|x64.Build.0 = Release|x64
		{5351B2E9-F082-438B-A9B8-8E740D7F1CBC}.Release|x86.ActiveCfg = Release|Win32
		{5351B2E9-F082-438B-A9B8-8E740D7F1CBC}.Release|x86.Build.0 = Release|Win32
	EndGlobalSection
	GlobalSection(SolutionProperties) = preSolution
		HideSolutionNode = FALSE
	EndGlobalSection
	GlobalSection(ExtensibilityGlobals) = postSolution
		SolutionGuid = {FE4BD30F-80EE-49D0-A541-2E4278CD16C8}
	EndGlobalSection
EndGlobal
